
Microsoft Visual Studio Solution File, Format Version 12.00
# Visual Studio Version 17
VisualStudioVersion = 17.8.34525.116
MinimumVisualStudioVersion = 10.0.40219.1
Project("{FAE04EC0-301F-11D3-BF4B-00C04F79EFBC}") = "RabbitPublisher", "RabbitPublisher\RabbitPublisher.csproj", "{955D3F12-77EC-4346-BA62-960CFA238601}"
EndProject
Project("{FAE04EC0-301F-11D3-BF4B-00C04F79EFBC}") = "RabbitSubscriber1", "RabbitSubscriber1\RabbitSubscriber1.csproj", "{00113D20-ECC8-4DA0-876E-92CC6CC11164}"
EndProject
Project("{FAE04EC0-301F-11D3-BF4B-00C04F79EFBC}") = "RabbitSubscriber2", "RabbitSubscriber2\RabbitSubscriber2.csproj", "{80DC1514-0D47-44FA-90DC-5C35935C37D2}"
EndProject
Global
	GlobalSection(SolutionConfigurationPlatforms) = preSolution
		Debug|Any CPU = Debug|Any CPU
		Release|Any CPU = Release|Any CPU
	EndGlobalSection
	GlobalSection(ProjectConfigurationPlatforms) = postSolution
		{955D3F12-77EC-4346-BA62-960CFA238601}.Debug|Any CPU.ActiveCfg = Debug|Any CPU
		{955D3F12-77EC-4346-BA62-960CFA238601}.Debug|Any CPU.Build.0 = Debug|Any CPU
		{955D3F12-77EC-4346-BA62-960CFA238601}.Release|Any CPU.ActiveCfg = Release|Any CPU
		{955D3F12-77EC-4346-BA62-960CFA238601}.Release|Any CPU.Build.0 = Release|Any CPU
		{00113D20-ECC8-4DA0-876E-92CC6CC11164}.Debug|Any CPU.ActiveCfg = Debug|Any CPU
		{00113D20-ECC8-4DA0-876E-92CC6CC11164}.Debug|Any CPU.Build.0 = Debug|Any CPU
		{00113D20-ECC8-4DA0-876E-92CC6CC11164}.Release|Any CPU.ActiveCfg = Release|Any CPU
		{00113D20-ECC8-4DA0-876E-92CC6CC11164}.Release|Any CPU.Build.0 = Release|Any CPU
		{80DC1514-0D47-44FA-90DC-5C35935C37D2}.Debug|Any CPU.ActiveCfg = Debug|Any CPU
		{80DC1514-0D47-44FA-90DC-5C35935C37D2}.Debug|Any CPU.Build.0 = Debug|Any CPU
		{80DC1514-0D47-44FA-90DC-5C35935C37D2}.Release|Any CPU.ActiveCfg = Release|Any CPU
		{80DC1514-0D47-44FA-90DC-5C35935C37D2}.Release|Any CPU.Build.0 = Release|Any CPU
	EndGlobalSection
	GlobalSection(SolutionProperties) = preSolution
		HideSolutionNode = FALSE
	EndGlobalSection
	GlobalSection(ExtensibilityGlobals) = postSolution
		SolutionGuid = {891C0FC6-2DE0-459F-9B06-A6DD1B5386E8}
	EndGlobalSection
EndGlobal
